
Microsoft Visual Studio Solution File, Format Version 12.00
# Visual Studio 15
Project("{FAE04EC0-301F-11D3-BF4B-00C04F79EFBC}") = "Assembly-CSharp", "Assembly-CSharp.csproj", "{4FA711C2-EF3D-4686-8E56-AA60443A2FED}"
EndProject
Project("{FAE04EC0-301F-11D3-BF4B-00C04F79EFBC}") = "Assembly-CSharp-Editor", "Assembly-CSharp-Editor.csproj", "{F7CBFA8B-A7AF-F2B5-656C-0CD3992D79BA}"
EndProject
Global
	GlobalSection(SolutionConfigurationPlatforms) = preSolution
		Debug|Any CPU = Debug|Any CPU
		Release|Any CPU = Release|Any CPU
	EndGlobalSection
	GlobalSection(ProjectConfigurationPlatforms) = postSolution
		{4FA711C2-EF3D-4686-8E56-AA60443A2FED}.Debug|Any CPU.ActiveCfg = Debug|Any CPU
		{4FA711C2-EF3D-4686-8E56-AA60443A2FED}.Debug|Any CPU.Build.0 = Debug|Any CPU
		{4FA711C2-EF3D-4686-8E56-AA60443A2FED}.Release|Any CPU.ActiveCfg = Release|Any CPU
		{4FA711C2-EF3D-4686-8E56-AA60443A2FED}.Release|Any CPU.Build.0 = Release|Any CPU
		{F7CBFA8B-A7AF-F2B5-656C-0CD3992D79BA}.Debug|Any CPU.ActiveCfg = Debug|Any CPU
		{F7CBFA8B-A7AF-F2B5-656C-0CD3992D79BA}.Debug|Any CPU.Build.0 = Debug|Any CPU
		{F7CBFA8B-A7AF-F2B5-656C-0CD3992D79BA}.Release|Any CPU.ActiveCfg = Release|Any CPU
		{F7CBFA8B-A7AF-F2B5-656C-0CD3992D79BA}.Release|Any CPU.Build.0 = Release|Any CPU
	EndGlobalSection
	GlobalSection(SolutionProperties) = preSolution
		HideSolutionNode = FALSE
	EndGlobalSection
EndGlobal
